
Microsoft Visual Studio Solution File, Format Version 12.00
# Visual Studio Version 17
VisualStudioVersion = 17.14.36408.4 d17.14
MinimumVisualStudioVersion = 10.0.40219.1
Project("{FAE04EC0-301F-11D3-BF4B-00C04F79EFBC}") = "Resonance", "Resonance.csproj", "{D1EFA881-3A42-7FF3-AD4B-FD1D0499CAFE}"
EndProject
Global
	GlobalSection(SolutionConfigurationPlatforms) = preSolution
		Debug|x64 = Debug|x64
		Release|x64 = Release|x64
	EndGlobalSection
	GlobalSection(ProjectConfigurationPlatforms) = postSolution
		{D1EFA881-3A42-7FF3-AD4B-FD1D0499CAFE}.Debug|x64.ActiveCfg = Debug|x64
		{D1EFA881-3A42-7FF3-AD4B-FD1D0499CAFE}.Debug|x64.Build.0 = Debug|x64
		{D1EFA881-3A42-7FF3-AD4B-FD1D0499CAFE}.Release|x64.ActiveCfg = Release|x64
		{D1EFA881-3A42-7FF3-AD4B-FD1D0499CAFE}.Release|x64.Build.0 = Release|x64
	EndGlobalSection
	GlobalSection(SolutionProperties) = preSolution
		HideSolutionNode = FALSE
	EndGlobalSection
	GlobalSection(ExtensibilityGlobals) = postSolution
		SolutionGuid = {270CAF3F-325D-4A38-9E67-ED37A8A9AB5E}
	EndGlobalSection
EndGlobal
